
Microsoft Visual Studio Solution File, Format Version 12.00
# Visual Studio 15
Project("{FAE04EC0-301F-11D3-BF4B-00C04F79EFBC}") = "Assembly-CSharp", "Assembly-CSharp.csproj", "{C7BBA1C6-606A-6533-077B-45CFE1DB6B24}"
EndProject
Project("{FAE04EC0-301F-11D3-BF4B-00C04F79EFBC}") = "SteamVR", "SteamVR.csproj", "{711E8DDE-B208-781B-1CE3-2C8401AF4012}"
EndProject
Project("{FAE04EC0-301F-11D3-BF4B-00C04F79EFBC}") = "Oculus.VR", "Oculus.VR.csproj", "{A0FC1BC6-3EDA-4F62-9582-176BD9CF56B3}"
EndProject
Project("{FAE04EC0-301F-11D3-BF4B-00C04F79EFBC}") = "SteamVR_Actions", "SteamVR_Actions.csproj", "{9FF08142-BA07-B91E-40E4-95310CF427B6}"
EndProject
Project("{FAE04EC0-301F-11D3-BF4B-00C04F79EFBC}") = "SteamVR_Editor", "SteamVR_Editor.csproj", "{7DBEEB0B-EBF1-977E-3AE2-5299B339F9E4}"
EndProject
Project("{FAE04EC0-301F-11D3-BF4B-00C04F79EFBC}") = "Assembly-CSharp-Editor", "Assembly-CSharp-Editor.csproj", "{74E5B128-E7D5-631B-0A8B-026167E2B7EA}"
EndProject
Project("{FAE04EC0-301F-11D3-BF4B-00C04F79EFBC}") = "Oculus.VR.Scripts.Editor", "Oculus.VR.Scripts.Editor.csproj", "{F6D5C658-4A0D-1A40-8E7B-358781C453B5}"
EndProject
Project("{FAE04EC0-301F-11D3-BF4B-00C04F79EFBC}") = "Oculus.VR.Editor", "Oculus.VR.Editor.csproj", "{48651B0B-7268-B325-3D72-964EE80C2FB6}"
EndProject
Project("{FAE04EC0-301F-11D3-BF4B-00C04F79EFBC}") = "SteamVR_Input_Editor", "SteamVR_Input_Editor.csproj", "{3EF32B82-279A-E7EC-2BD2-77959807D3CE}"
EndProject
Project("{FAE04EC0-301F-11D3-BF4B-00C04F79EFBC}") = "SteamVR_Windows_EditorHelper", "SteamVR_Windows_EditorHelper.csproj", "{B3468BB1-D014-0B2F-3F35-63F62FEE0344}"
EndProject
Global
	GlobalSection(SolutionConfigurationPlatforms) = preSolution
		Debug|Any CPU = Debug|Any CPU
		Release|Any CPU = Release|Any CPU
	EndGlobalSection
	GlobalSection(ProjectConfigurationPlatforms) = postSolution
		{C7BBA1C6-606A-6533-077B-45CFE1DB6B24}.Debug|Any CPU.ActiveCfg = Debug|Any CPU
		{C7BBA1C6-606A-6533-077B-45CFE1DB6B24}.Debug|Any CPU.Build.0 = Debug|Any CPU
		{C7BBA1C6-606A-6533-077B-45CFE1DB6B24}.Release|Any CPU.ActiveCfg = Release|Any CPU
		{C7BBA1C6-606A-6533-077B-45CFE1DB6B24}.Release|Any CPU.Build.0 = Release|Any CPU
		{711E8DDE-B208-781B-1CE3-2C8401AF4012}.Debug|Any CPU.ActiveCfg = Debug|Any CPU
		{711E8DDE-B208-781B-1CE3-2C8401AF4012}.Debug|Any CPU.Build.0 = Debug|Any CPU
		{711E8DDE-B208-781B-1CE3-2C8401AF4012}.Release|Any CPU.ActiveCfg = Release|Any CPU
		{711E8DDE-B208-781B-1CE3-2C8401AF4012}.Release|Any CPU.Build.0 = Release|Any CPU
		{A0FC1BC6-3EDA-4F62-9582-176BD9CF56B3}.Debug|Any CPU.ActiveCfg = Debug|Any CPU
		{A0FC1BC6-3EDA-4F62-9582-176BD9CF56B3}.Debug|Any CPU.Build.0 = Debug|Any CPU
		{A0FC1BC6-3EDA-4F62-9582-176BD9CF56B3}.Release|Any CPU.ActiveCfg = Release|Any CPU
		{A0FC1BC6-3EDA-4F62-9582-176BD9CF56B3}.Release|Any CPU.Build.0 = Release|Any CPU
		{9FF08142-BA07-B91E-40E4-95310CF427B6}.Debug|Any CPU.ActiveCfg = Debug|Any CPU
		{9FF08142-BA07-B91E-40E4-95310CF427B6}.Debug|Any CPU.Build.0 = Debug|Any CPU
		{9FF08142-BA07-B91E-40E4-95310CF427B6}.Release|Any CPU.ActiveCfg = Release|Any CPU
		{9FF08142-BA07-B91E-40E4-95310CF427B6}.Release|Any CPU.Build.0 = Release|Any CPU
		{7DBEEB0B-EBF1-977E-3AE2-5299B339F9E4}.Debug|Any CPU.ActiveCfg = Debug|Any CPU
		{7DBEEB0B-EBF1-977E-3AE2-5299B339F9E4}.Debug|Any CPU.Build.0 = Debug|Any CPU
		{7DBEEB0B-EBF1-977E-3AE2-5299B339F9E4}.Release|Any CPU.ActiveCfg = Release|Any CPU
		{7DBEEB0B-EBF1-977E-3AE2-5299B339F9E4}.Release|Any CPU.Build.0 = Release|Any CPU
		{74E5B128-E7D5-631B-0A8B-026167E2B7EA}.Debug|Any CPU.ActiveCfg = Debug|Any CPU
		{74E5B128-E7D5-631B-0A8B-026167E2B7EA}.Debug|Any CPU.Build.0 = Debug|Any CPU
		{74E5B128-E7D5-631B-0A8B-026167E2B7EA}.Release|Any CPU.ActiveCfg = Release|Any CPU
		{74E5B128-E7D5-631B-0A8B-026167E2B7EA}.Release|Any CPU.Build.0 = Release|Any CPU
		{F6D5C658-4A0D-1A40-8E7B-358781C453B5}.Debug|Any CPU.ActiveCfg = Debug|Any CPU
		{F6D5C658-4A0D-1A40-8E7B-358781C453B5}.Debug|Any CPU.Build.0 = Debug|Any CPU
		{F6D5C658-4A0D-1A40-8E7B-358781C453B5}.Release|Any CPU.ActiveCfg = Release|Any CPU
		{F6D5C658-4A0D-1A40-8E7B-358781C453B5}.Release|Any CPU.Build.0 = Release|Any CPU
		{48651B0B-7268-B325-3D72-964EE80C2FB6}.Debug|Any CPU.ActiveCfg = Debug|Any CPU
		{48651B0B-7268-B325-3D72-964EE80C2FB6}.Debug|Any CPU.Build.0 = Debug|Any CPU
		{48651B0B-7268-B325-3D72-964EE80C2FB6}.Release|Any CPU.ActiveCfg = Release|Any CPU
		{48651B0B-7268-B325-3D72-964EE80C2FB6}.Release|Any CPU.Build.0 = Release|Any CPU
		{3EF32B82-279A-E7EC-2BD2-77959807D3CE}.Debug|Any CPU.ActiveCfg = Debug|Any CPU
		{3EF32B82-279A-E7EC-2BD2-77959807D3CE}.Debug|Any CPU.Build.0 = Debug|Any CPU
		{3EF32B82-279A-E7EC-2BD2-77959807D3CE}.Release|Any CPU.ActiveCfg = Release|Any CPU
		{3EF32B82-279A-E7EC-2BD2-77959807D3CE}.Release|Any CPU.Build.0 = Release|Any CPU
		{B3468BB1-D014-0B2F-3F35-63F62FEE0344}.Debug|Any CPU.ActiveCfg = Debug|Any CPU
		{B3468BB1-D014-0B2F-3F35-63F62FEE0344}.Debug|Any CPU.Build.0 = Debug|Any CPU
		{B3468BB1-D014-0B2F-3F35-63F62FEE0344}.Release|Any CPU.ActiveCfg = Release|Any CPU
		{B3468BB1-D014-0B2F-3F35-63F62FEE0344}.Release|Any CPU.Build.0 = Release|Any CPU
	EndGlobalSection
	GlobalSection(SolutionProperties) = preSolution
		HideSolutionNode = FALSE
	EndGlobalSection
EndGlobal
